
Microsoft Visual Studio Solution File, Format Version 12.00
# Visual Studio Version 17
VisualStudioVersion = 17.2.32602.215
MinimumVisualStudioVersion = 10.0.40219.1
Project("{9A19103F-16F7-4668-BE54-9A1E7A4F7556}") = "SolutionLiskovSubstitution", "SolutionLiskovSubstitution.csproj", "{B8413763-4442-40C6-BFE2-2DE1F29C417C}"
EndProject
Global
	GlobalSection(SolutionConfigurationPlatforms) = preSolution
		Debug|Any CPU = Debug|Any CPU
		Release|Any CPU = Release|Any CPU
	EndGlobalSection
	GlobalSection(ProjectConfigurationPlatforms) = postSolution
		{B8413763-4442-40C6-BFE2-2DE1F29C417C}.Debug|Any CPU.ActiveCfg = Debug|Any CPU
		{B8413763-4442-40C6-BFE2-2DE1F29C417C}.Debug|Any CPU.Build.0 = Debug|Any CPU
		{B8413763-4442-40C6-BFE2-2DE1F29C417C}.Release|Any CPU.ActiveCfg = Release|Any CPU
		{B8413763-4442-40C6-BFE2-2DE1F29C417C}.Release|Any CPU.Build.0 = Release|Any CPU
	EndGlobalSection
	GlobalSection(SolutionProperties) = preSolution
		HideSolutionNode = FALSE
	EndGlobalSection
	GlobalSection(ExtensibilityGlobals) = postSolution
		SolutionGuid = {CC427304-FB07-4CE6-943D-79005F9F8E2D}
	EndGlobalSection
EndGlobal
