
Microsoft Visual Studio Solution File, Format Version 12.00
# Visual Studio Version 17
VisualStudioVersion = 17.1.32228.430
MinimumVisualStudioVersion = 10.0.40219.1
Project("{FAE04EC0-301F-11D3-BF4B-00C04F79EFBC}") = "ProblemSingleResponsability", "ProblemSingleResponsability\ProblemSingleResponsability.csproj", "{A939E2C4-B692-4742-8537-25FEC51B61EE}"
EndProject
Global
	GlobalSection(SolutionConfigurationPlatforms) = preSolution
		Debug|Any CPU = Debug|Any CPU
		Release|Any CPU = Release|Any CPU
	EndGlobalSection
	GlobalSection(ProjectConfigurationPlatforms) = postSolution
		{A939E2C4-B692-4742-8537-25FEC51B61EE}.Debug|Any CPU.ActiveCfg = Debug|Any CPU
		{A939E2C4-B692-4742-8537-25FEC51B61EE}.Debug|Any CPU.Build.0 = Debug|Any CPU
		{A939E2C4-B692-4742-8537-25FEC51B61EE}.Release|Any CPU.ActiveCfg = Release|Any CPU
		{A939E2C4-B692-4742-8537-25FEC51B61EE}.Release|Any CPU.Build.0 = Release|Any CPU
	EndGlobalSection
	GlobalSection(SolutionProperties) = preSolution
		HideSolutionNode = FALSE
	EndGlobalSection
	GlobalSection(ExtensibilityGlobals) = postSolution
		SolutionGuid = {AE9CA331-CDFD-4ED5-97FB-4D325B2A636C}
	EndGlobalSection
EndGlobal
